<?xml version="1.0" encoding="utf-8"?>
<Project ToolsVersion="4.0" xmlns="http://schemas.microsoft.com/developer/msbuild/2003">
  <ItemGroup>
    <Filter Include="Source Files">
      <UniqueIdentifier>{4FC737F1-C7A5-4376-A066-2A32D752A2FF}</UniqueIdentifier>
      <Extensions>cpp;c;cc;cxx;c++;cppm;ixx;def;odl;idl;hpj;bat;asm;asmx</Extensions>
    </Filter>
    <Filter Include="Resource Files">
      <UniqueIdentifier>{67DA6AB6-F800-4c08-8B7A-83BB121AAD01}</UniqueIdentifier>
      <Extensions>rc;ico;cur;bmp;dlg;rc2;rct;bin;rgs;gif;jpg;jpeg;jpe;resx;tiff;tif;png;wav;mfcribbon-ms</Extensions>
    </Filter>
    <Filter Include="Build Tasks">
      <UniqueIdentifier>{285d6aa1-ff55-41fc-8a03-c8df628a24c8}</UniqueIdentifier>
    </Filter>
    <Filter Include="Source Files\common">
      <UniqueIdentifier>{a711a2b2-f154-4ebf-81ea-480961790bd5}</UniqueIdentifier>
    </Filter>
    <Filter Include="Header Files">
      <UniqueIdentifier>{2b901957-cfa5-4594-8983-ca6140ca1349}</UniqueIdentifier>
    </Filter>
    <Filter Include="Header Files\common">
      <UniqueIdentifier>{c7c42c05-cde2-474b-a28b-b8855686f7e2}</UniqueIdentifier>
    </Filter>
    <Filter Include="Source Files\InfinityLoaderCommon">
      <UniqueIdentifier>{9596dc2c-d9ea-43e7-9730-656bc51c780f}</UniqueIdentifier>
    </Filter>
    <Filter Include="Header Files\InfinityLoaderCommon">
      <UniqueIdentifier>{a1141eb3-4072-4dec-b28e-b2b2b38440c4}</UniqueIdentifier>
    </Filter>
  </ItemGroup>
  <ItemGroup>
    <None Include="COPY_TO_COMMON.ps1">
      <Filter>Build Tasks</Filter>
    </None>
  </ItemGroup>
  <ItemGroup>
    <ClInclude Include="headers\common\lua_provider_api.h">
      <Filter>Header Files\common</Filter>
    </ClInclude>
    <ClInclude Include="headers\common\lua_provider_api_core.h">
      <Filter>Header Files\common</Filter>
    </ClInclude>
    <ClInclude Include="headers\common\shared_memory.h">
      <Filter>Header Files\common</Filter>
    </ClInclude>
    <ClInclude Include="headers\common\shared_memory_dll.h">
      <Filter>Header Files\common</Filter>
    </ClInclude>
    <ClInclude Include="headers\common\shared_memory_types.h">
      <Filter>Header Files\common</Filter>
    </ClInclude>
    <ClInclude Include="headers\common\dll_api.h">
      <Filter>Header Files\common</Filter>
    </ClInclude>
    <ClInclude Include="headers\InfinityLoaderCommon\template_functions.h">
      <Filter>Header Files\InfinityLoaderCommon</Filter>
    </ClInclude>
    <ClInclude Include="headers\common\infinity_loader_common_api.h">
      <Filter>Header Files\common</Filter>
    </ClInclude>
    <ClInclude Include="headers\InfinityLoaderCommon\assembly_writer.h">
      <Filter>Header Files\InfinityLoaderCommon</Filter>
    </ClInclude>
    <ClInclude Include="headers\InfinityLoaderCommon\infinity_loader_common.h">
      <Filter>Header Files\InfinityLoaderCommon</Filter>
    </ClInclude>
    <ClInclude Include="headers\common\infinity_loader_common_types.h">
      <Filter>Header Files\common</Filter>
    </ClInclude>
  </ItemGroup>
  <ItemGroup>
    <ClCompile Include="source\InfinityLoaderCommon\template_function_instantiations.cpp">
      <Filter>Source Files\InfinityLoaderCommon</Filter>
    </ClCompile>
    <ClCompile Include="source\InfinityLoaderCommon\template_functions.cpp">
      <Filter>Source Files\InfinityLoaderCommon</Filter>
    </ClCompile>
    <ClCompile Include="source\InfinityLoaderCommon\assembly_writer.cpp">
      <Filter>Source Files\InfinityLoaderCommon</Filter>
    </ClCompile>
    <ClCompile Include="source\InfinityLoaderCommon\infinity_loader_common.cpp">
      <Filter>Source Files\InfinityLoaderCommon</Filter>
    </ClCompile>
    <ClCompile Include="source\common\infinity_loader_common_shared_memory.cpp">
      <Filter>Source Files\common</Filter>
    </ClCompile>
    <ClCompile Include="source\common\infinity_loader_common_shared_dll_memory.cpp">
      <Filter>Source Files\common</Filter>
    </ClCompile>
  </ItemGroup>
</Project>