<?xml version="1.0" encoding="utf-8"?>
<Project ToolsVersion="4.0" xmlns="http://schemas.microsoft.com/developer/msbuild/2003">
  <ItemGroup>
    <Filter Include="Source Files">
      <UniqueIdentifier>{4FC737F1-C7A5-4376-A066-2A32D752A2FF}</UniqueIdentifier>
      <Extensions>cpp;c;cc;cxx;c++;cppm;ixx;def;odl;idl;hpj;bat;asm;asmx</Extensions>
    </Filter>
    <Filter Include="Resource Files">
      <UniqueIdentifier>{67DA6AB6-F800-4c08-8B7A-83BB121AAD01}</UniqueIdentifier>
      <Extensions>rc;ico;cur;bmp;dlg;rc2;rct;bin;rgs;gif;jpg;jpeg;jpe;resx;tiff;tif;png;wav;mfcribbon-ms</Extensions>
    </Filter>
    <Filter Include="Build Tasks">
      <UniqueIdentifier>{285d6aa1-ff55-41fc-8a03-c8df628a24c8}</UniqueIdentifier>
    </Filter>
    <Filter Include="Source Files\common">
      <UniqueIdentifier>{a711a2b2-f154-4ebf-81ea-480961790bd5}</UniqueIdentifier>
    </Filter>
    <Filter Include="Header Files">
      <UniqueIdentifier>{2b901957-cfa5-4594-8983-ca6140ca1349}</UniqueIdentifier>
    </Filter>
    <Filter Include="Header Files\common">
      <UniqueIdentifier>{c7c42c05-cde2-474b-a28b-b8855686f7e2}</UniqueIdentifier>
    </Filter>
  </ItemGroup>
  <ItemGroup>
    <None Include="COPY_TO_COMMON.ps1">
      <Filter>Build Tasks</Filter>
    </None>
  </ItemGroup>
  <ItemGroup>
    <ClCompile Include="common\InfinityLoaderCommon.cpp">
      <Filter>Source Files\common</Filter>
    </ClCompile>
    <ClCompile Include="common\bounds_exceeded.cpp">
      <Filter>Source Files\common</Filter>
    </ClCompile>
  </ItemGroup>
  <ItemGroup>
    <ClInclude Include="headers\common\InfinityLoaderCommon.h">
      <Filter>Header Files\common</Filter>
    </ClInclude>
    <ClInclude Include="headers\common\dummy_lua_generated.h">
      <Filter>Header Files\common</Filter>
    </ClInclude>
    <ClInclude Include="headers\common\bounds_exceeded.h">
      <Filter>Header Files\common</Filter>
    </ClInclude>
  </ItemGroup>
</Project>