
Microsoft Visual Studio Solution File, Format Version 12.00
# Visual Studio Version 17
VisualStudioVersion = 17.0.31903.59
MinimumVisualStudioVersion = 10.0.40219.1
Project("{8BC9CEB8-8B4A-11D0-8D11-00A0C91BC942}") = "InfinityLoader", "InfinityLoader\InfinityLoader.vcxproj", "{8AD6ECF6-7320-4DC3-83B5-D0D54664D3A1}"
	ProjectSection(ProjectDependencies) = postProject
		{1B74771C-B80B-4AD1-93FB-B98EAC266372} = {1B74771C-B80B-4AD1-93FB-B98EAC266372}
	EndProjectSection
EndProject
Project("{8BC9CEB8-8B4A-11D0-8D11-00A0C91BC942}") = "InfinityLoaderDLL", "InfinityLoaderDLL\InfinityLoaderDLL.vcxproj", "{3A3E4DE5-2B23-43FE-BEBE-F7333D531B6C}"
	ProjectSection(ProjectDependencies) = postProject
		{1B74771C-B80B-4AD1-93FB-B98EAC266372} = {1B74771C-B80B-4AD1-93FB-B98EAC266372}
		{D9C93319-E74F-42F0-8227-1925A3AD9535} = {D9C93319-E74F-42F0-8227-1925A3AD9535}
	EndProjectSection
EndProject
Project("{8BC9CEB8-8B4A-11D0-8D11-00A0C91BC942}") = "InfinityLoaderCommon", "InfinityLoaderCommon\InfinityLoaderCommon.vcxproj", "{1B74771C-B80B-4AD1-93FB-B98EAC266372}"
EndProject
Project("{8BC9CEB8-8B4A-11D0-8D11-00A0C91BC942}") = "LuaBindings-v2.6.6.0", "LuaBindings-v2.6.6.0\LuaBindings-v2.6.6.0.vcxproj", "{CB4ABBED-DC69-4BB4-B62E-E92085D3C529}"
	ProjectSection(ProjectDependencies) = postProject
		{1B74771C-B80B-4AD1-93FB-B98EAC266372} = {1B74771C-B80B-4AD1-93FB-B98EAC266372}
		{C156710D-C213-4788-969A-25F76EF95354} = {C156710D-C213-4788-969A-25F76EF95354}
	EndProjectSection
EndProject
Project("{8BC9CEB8-8B4A-11D0-8D11-00A0C91BC942}") = "LuaBindingsCore", "LuaBindingsCore\LuaBindingsCore.vcxproj", "{C156710D-C213-4788-969A-25F76EF95354}"
	ProjectSection(ProjectDependencies) = postProject
		{1B74771C-B80B-4AD1-93FB-B98EAC266372} = {1B74771C-B80B-4AD1-93FB-B98EAC266372}
	EndProjectSection
EndProject
Project("{8BC9CEB8-8B4A-11D0-8D11-00A0C91BC942}") = "LuaBindings-PSTEE", "LuaBindings-PSTEE\LuaBindings-PSTEE.vcxproj", "{4C905F36-8ACB-42AE-AFC7-DCD7492C3BEE}"
	ProjectSection(ProjectDependencies) = postProject
		{1B74771C-B80B-4AD1-93FB-B98EAC266372} = {1B74771C-B80B-4AD1-93FB-B98EAC266372}
		{C156710D-C213-4788-969A-25F76EF95354} = {C156710D-C213-4788-969A-25F76EF95354}
	EndProjectSection
EndProject
Project("{8BC9CEB8-8B4A-11D0-8D11-00A0C91BC942}") = "EEex-v2.6.6.0", "EEex-v2.6.6.0\EEex-v2.6.6.0.vcxproj", "{5D96A1B5-6B58-49D5-92C1-8164041DD87E}"
EndProject
Project("{8BC9CEB8-8B4A-11D0-8D11-00A0C91BC942}") = "LuaProvider52", "LuaProvider52\LuaProvider52.vcxproj", "{D9C93319-E74F-42F0-8227-1925A3AD9535}"
EndProject
Global
	GlobalSection(SolutionConfigurationPlatforms) = preSolution
		Release|x64 = Release|x64
		Release|x86 = Release|x86
	EndGlobalSection
	GlobalSection(ProjectConfigurationPlatforms) = postSolution
		{8AD6ECF6-7320-4DC3-83B5-D0D54664D3A1}.Release|x64.ActiveCfg = Release|x64
		{8AD6ECF6-7320-4DC3-83B5-D0D54664D3A1}.Release|x64.Build.0 = Release|x64
		{8AD6ECF6-7320-4DC3-83B5-D0D54664D3A1}.Release|x86.ActiveCfg = Release|Win32
		{8AD6ECF6-7320-4DC3-83B5-D0D54664D3A1}.Release|x86.Build.0 = Release|Win32
		{3A3E4DE5-2B23-43FE-BEBE-F7333D531B6C}.Release|x64.ActiveCfg = Release|x64
		{3A3E4DE5-2B23-43FE-BEBE-F7333D531B6C}.Release|x64.Build.0 = Release|x64
		{3A3E4DE5-2B23-43FE-BEBE-F7333D531B6C}.Release|x86.ActiveCfg = Release|Win32
		{3A3E4DE5-2B23-43FE-BEBE-F7333D531B6C}.Release|x86.Build.0 = Release|Win32
		{1B74771C-B80B-4AD1-93FB-B98EAC266372}.Release|x64.ActiveCfg = Release|x64
		{1B74771C-B80B-4AD1-93FB-B98EAC266372}.Release|x64.Build.0 = Release|x64
		{1B74771C-B80B-4AD1-93FB-B98EAC266372}.Release|x86.ActiveCfg = Release|Win32
		{1B74771C-B80B-4AD1-93FB-B98EAC266372}.Release|x86.Build.0 = Release|Win32
		{CB4ABBED-DC69-4BB4-B62E-E92085D3C529}.Release|x64.ActiveCfg = Release|x64
		{CB4ABBED-DC69-4BB4-B62E-E92085D3C529}.Release|x64.Build.0 = Release|x64
		{CB4ABBED-DC69-4BB4-B62E-E92085D3C529}.Release|x86.ActiveCfg = Release|Win32
		{CB4ABBED-DC69-4BB4-B62E-E92085D3C529}.Release|x86.Build.0 = Release|Win32
		{C156710D-C213-4788-969A-25F76EF95354}.Release|x64.ActiveCfg = Release|x64
		{C156710D-C213-4788-969A-25F76EF95354}.Release|x64.Build.0 = Release|x64
		{C156710D-C213-4788-969A-25F76EF95354}.Release|x86.ActiveCfg = Release|Win32
		{C156710D-C213-4788-969A-25F76EF95354}.Release|x86.Build.0 = Release|Win32
		{4C905F36-8ACB-42AE-AFC7-DCD7492C3BEE}.Release|x64.ActiveCfg = Release|x64
		{4C905F36-8ACB-42AE-AFC7-DCD7492C3BEE}.Release|x64.Build.0 = Release|x64
		{4C905F36-8ACB-42AE-AFC7-DCD7492C3BEE}.Release|x86.ActiveCfg = Release|Win32
		{4C905F36-8ACB-42AE-AFC7-DCD7492C3BEE}.Release|x86.Build.0 = Release|Win32
		{5D96A1B5-6B58-49D5-92C1-8164041DD87E}.Release|x64.ActiveCfg = Release|x64
		{5D96A1B5-6B58-49D5-92C1-8164041DD87E}.Release|x64.Build.0 = Release|x64
		{5D96A1B5-6B58-49D5-92C1-8164041DD87E}.Release|x86.ActiveCfg = Release|Win32
		{5D96A1B5-6B58-49D5-92C1-8164041DD87E}.Release|x86.Build.0 = Release|Win32
		{D9C93319-E74F-42F0-8227-1925A3AD9535}.Release|x64.ActiveCfg = Release|x64
		{D9C93319-E74F-42F0-8227-1925A3AD9535}.Release|x64.Build.0 = Release|x64
		{D9C93319-E74F-42F0-8227-1925A3AD9535}.Release|x86.ActiveCfg = Release|Win32
		{D9C93319-E74F-42F0-8227-1925A3AD9535}.Release|x86.Build.0 = Release|Win32
	EndGlobalSection
	GlobalSection(SolutionProperties) = preSolution
		HideSolutionNode = FALSE
	EndGlobalSection
	GlobalSection(ExtensibilityGlobals) = postSolution
		SolutionGuid = {5FEB5469-306D-4358-8522-65D14BBEFB7D}
	EndGlobalSection
EndGlobal
