<?xml version="1.0" encoding="utf-8"?>
<Project ToolsVersion="4.0" xmlns="http://schemas.microsoft.com/developer/msbuild/2003">
  <ItemGroup>
    <Filter Include="Source Files">
      <UniqueIdentifier>{4FC737F1-C7A5-4376-A066-2A32D752A2FF}</UniqueIdentifier>
      <Extensions>cpp;c;cc;cxx;c++;cppm;ixx;def;odl;idl;hpj;bat;asm;asmx</Extensions>
    </Filter>
    <Filter Include="Header Files">
      <UniqueIdentifier>{93995380-89BD-4b04-88EB-625FBE52EBFB}</UniqueIdentifier>
      <Extensions>h;hh;hpp;hxx;h++;hm;inl;inc;ipp;xsd</Extensions>
    </Filter>
    <Filter Include="Resource Files">
      <UniqueIdentifier>{67DA6AB6-F800-4c08-8B7A-83BB121AAD01}</UniqueIdentifier>
      <Extensions>rc;ico;cur;bmp;dlg;rc2;rct;bin;rgs;gif;jpg;jpeg;jpe;resx;tiff;tif;png;wav;mfcribbon-ms</Extensions>
    </Filter>
    <Filter Include="Source Files\common">
      <UniqueIdentifier>{220a742a-a30a-4ca8-a18e-310e6c7b1d66}</UniqueIdentifier>
    </Filter>
    <Filter Include="Header Files\common">
      <UniqueIdentifier>{5d7cd17d-0e8a-4f41-a9c9-92c4de67feb3}</UniqueIdentifier>
    </Filter>
    <Filter Include="Header Files\common\tolua">
      <UniqueIdentifier>{e61db606-6709-4994-a1d6-305362726e8a}</UniqueIdentifier>
    </Filter>
    <Filter Include="Header Files\common\LuaBindingsCommon">
      <UniqueIdentifier>{4621f3e0-cc69-40a7-acbb-3d816147e85d}</UniqueIdentifier>
    </Filter>
    <Filter Include="Header Files\lua">
      <UniqueIdentifier>{03648656-f8da-4467-88db-fcb92387706b}</UniqueIdentifier>
    </Filter>
  </ItemGroup>
  <ItemGroup>
    <ClCompile Include="common\LuaBindingsCommon.cpp">
      <Filter>Source Files\common</Filter>
    </ClCompile>
    <ClCompile Include="common\lua_pointers.cpp">
      <Filter>Source Files\common</Filter>
    </ClCompile>
    <ClCompile Include="common\to_lua_pointers.cpp">
      <Filter>Source Files\common</Filter>
    </ClCompile>
    <ClCompile Include="common\LuaBindingsCommon_common.cpp">
      <Filter>Source Files\common</Filter>
    </ClCompile>
  </ItemGroup>
  <ItemGroup>
    <ClInclude Include="headers\include\lua\lua.h">
      <Filter>Header Files\lua</Filter>
    </ClInclude>
    <ClInclude Include="headers\include\lua\luaconf.h">
      <Filter>Header Files\lua</Filter>
    </ClInclude>
    <ClInclude Include="headers\include\lua\lauxlib.h">
      <Filter>Header Files\lua</Filter>
    </ClInclude>
    <ClInclude Include="headers\common\LuaBindingsCommon.h">
      <Filter>Header Files\common\LuaBindingsCommon</Filter>
    </ClInclude>
    <ClInclude Include="headers\common\to_lua_pointers.h">
      <Filter>Header Files\common\LuaBindingsCommon</Filter>
    </ClInclude>
    <ClInclude Include="headers\common\lua_pointers.h">
      <Filter>Header Files\common\LuaBindingsCommon</Filter>
    </ClInclude>
    <ClInclude Include="headers\common\tolua\tolua.h">
      <Filter>Header Files\common\tolua</Filter>
    </ClInclude>
  </ItemGroup>
</Project>