<?xml version="1.0" encoding="utf-8"?>
<Project ToolsVersion="4.0" xmlns="http://schemas.microsoft.com/developer/msbuild/2003">
  <ItemGroup>
    <Filter Include="Source Files">
      <UniqueIdentifier>{4FC737F1-C7A5-4376-A066-2A32D752A2FF}</UniqueIdentifier>
      <Extensions>cpp;c;cc;cxx;c++;cppm;ixx;def;odl;idl;hpj;bat;asm;asmx</Extensions>
    </Filter>
    <Filter Include="Header Files">
      <UniqueIdentifier>{93995380-89BD-4b04-88EB-625FBE52EBFB}</UniqueIdentifier>
      <Extensions>h;hh;hpp;hxx;h++;hm;inl;inc;ipp;xsd</Extensions>
    </Filter>
    <Filter Include="Build Tasks">
      <UniqueIdentifier>{fb352c1f-1edc-4298-a4ca-4318a65b789e}</UniqueIdentifier>
    </Filter>
    <Filter Include="Header Files\lua">
      <UniqueIdentifier>{3946674d-33b4-4350-8239-edf4104daa8c}</UniqueIdentifier>
    </Filter>
    <Filter Include="Module Definition">
      <UniqueIdentifier>{85ff999f-0e47-419c-a3f5-f257da351b75}</UniqueIdentifier>
    </Filter>
    <Filter Include="References">
      <UniqueIdentifier>{d4a9bfa8-fb42-45d3-a370-3e0f1a8a44fc}</UniqueIdentifier>
    </Filter>
    <Filter Include="Source Files\LuaBindings-v2.6.6.0">
      <UniqueIdentifier>{1d8a858c-45e9-4402-8d1e-fb151ab2e4f2}</UniqueIdentifier>
    </Filter>
    <Filter Include="Source Files\LuaBindings-v2.6.6.0\Generated">
      <UniqueIdentifier>{14edab24-d755-492d-af81-1a23ba9e3cec}</UniqueIdentifier>
    </Filter>
    <Filter Include="Source Files\LuaBindings-v2.6.6.0\EEex">
      <UniqueIdentifier>{62065f07-dc22-4224-a50d-0ec2a85a1443}</UniqueIdentifier>
    </Filter>
    <Filter Include="References\tolua_reference">
      <UniqueIdentifier>{ac30c02a-25d7-4c84-9729-f61f7797985a}</UniqueIdentifier>
    </Filter>
    <Filter Include="References\tolua_reference\header">
      <UniqueIdentifier>{935dcaf4-1d67-4897-a1dc-b4554dd757a7}</UniqueIdentifier>
    </Filter>
    <Filter Include="References\tolua_reference\source">
      <UniqueIdentifier>{e6e5946a-b3bb-4126-9c0f-1f4b9623a49f}</UniqueIdentifier>
    </Filter>
    <Filter Include="Header Files\LuaBindings-v2.6.6.0">
      <UniqueIdentifier>{ff0b60f9-a2ab-4a5d-a811-3a21d0c37c63}</UniqueIdentifier>
    </Filter>
    <Filter Include="Header Files\LuaBindings-v2.6.6.0\Generated">
      <UniqueIdentifier>{ba3b8235-31fd-49ca-86d1-19c30ceedff0}</UniqueIdentifier>
    </Filter>
  </ItemGroup>
  <ItemGroup>
    <ClCompile Include="source\LuaBindings-v2.6.6.0\Generated\EEexLua_generated_baseclass_offsets.cpp">
      <Filter>Source Files\LuaBindings-v2.6.6.0\Generated</Filter>
    </ClCompile>
    <ClCompile Include="source\LuaBindings-v2.6.6.0\Generated\Baldur-v2.6.6.0_generated_internal_pointers.cpp">
      <Filter>Source Files\LuaBindings-v2.6.6.0\Generated</Filter>
    </ClCompile>
    <ClCompile Include="source\LuaBindings-v2.6.6.0\Generated\EEexLua_generated.cpp">
      <Filter>Source Files\LuaBindings-v2.6.6.0\Generated</Filter>
    </ClCompile>
    <ClCompile Include="source\LuaBindings-v2.6.6.0\EEex\EEex.cpp">
      <Filter>Source Files\LuaBindings-v2.6.6.0\EEex</Filter>
    </ClCompile>
    <ClCompile Include="source\LuaBindings-v2.6.6.0\LuaBindings-v2.6.6.0.cpp">
      <Filter>Source Files\LuaBindings-v2.6.6.0</Filter>
    </ClCompile>
    <ClCompile Include="source\LuaBindings-v2.6.6.0\util.cpp">
      <Filter>Source Files\LuaBindings-v2.6.6.0</Filter>
    </ClCompile>
    <ClCompile Include="source\LuaBindings-v2.6.6.0\common.cpp">
      <Filter>Source Files\LuaBindings-v2.6.6.0</Filter>
    </ClCompile>
    <ClCompile Include="References\engine_reimplementations.cpp">
      <Filter>References</Filter>
    </ClCompile>
    <ClCompile Include="References\tolua_reference\tolua_event.c">
      <Filter>References\tolua_reference\source</Filter>
    </ClCompile>
    <ClCompile Include="References\tolua_reference\tolua_is.c">
      <Filter>References\tolua_reference\source</Filter>
    </ClCompile>
    <ClCompile Include="References\tolua_reference\tolua_map.c">
      <Filter>References\tolua_reference\source</Filter>
    </ClCompile>
    <ClCompile Include="References\tolua_reference\tolua_push.c">
      <Filter>References\tolua_reference\source</Filter>
    </ClCompile>
    <ClCompile Include="References\tolua_reference\tolua_to.c">
      <Filter>References\tolua_reference\source</Filter>
    </ClCompile>
  </ItemGroup>
  <ItemGroup>
    <ClInclude Include="headers\include\lua\lua.h">
      <Filter>Header Files\lua</Filter>
    </ClInclude>
    <ClInclude Include="headers\include\lua\luaconf.h">
      <Filter>Header Files\lua</Filter>
    </ClInclude>
    <ClInclude Include="headers\include\lua\lauxlib.h">
      <Filter>Header Files\lua</Filter>
    </ClInclude>
    <ClInclude Include="headers\include\tolua_reference\luaconf.h">
      <Filter>References\tolua_reference\header</Filter>
    </ClInclude>
    <ClInclude Include="headers\include\tolua_reference\lualib.h">
      <Filter>References\tolua_reference\header</Filter>
    </ClInclude>
    <ClInclude Include="headers\include\tolua_reference\tolua.h">
      <Filter>References\tolua_reference\header</Filter>
    </ClInclude>
    <ClInclude Include="headers\include\tolua_reference\tolua_event.h">
      <Filter>References\tolua_reference\header</Filter>
    </ClInclude>
    <ClInclude Include="headers\include\tolua_reference\lauxlib.h">
      <Filter>References\tolua_reference\header</Filter>
    </ClInclude>
    <ClInclude Include="headers\include\tolua_reference\lua.h">
      <Filter>References\tolua_reference\header</Filter>
    </ClInclude>
    <ClInclude Include="headers\include\tolua_reference\lua.hpp">
      <Filter>References\tolua_reference\header</Filter>
    </ClInclude>
    <ClInclude Include="headers\LuaBindings-v2.6.6.0\util.hpp">
      <Filter>Header Files\LuaBindings-v2.6.6.0</Filter>
    </ClInclude>
    <ClInclude Include="headers\LuaBindings-v2.6.6.0\EEexLua_generated_baseclass_offsets.h">
      <Filter>Header Files\LuaBindings-v2.6.6.0\Generated</Filter>
    </ClInclude>
    <ClInclude Include="headers\LuaBindings-v2.6.6.0\Baldur-v2.6.6.0_generated.h">
      <Filter>Header Files\LuaBindings-v2.6.6.0\Generated</Filter>
    </ClInclude>
    <ClInclude Include="headers\LuaBindings-v2.6.6.0\Baldur-v2.6.6.0_lua_generated.h">
      <Filter>Header Files\LuaBindings-v2.6.6.0\Generated</Filter>
    </ClInclude>
    <ClInclude Include="headers\LuaBindings-v2.6.6.0\EEexLua_generated.h">
      <Filter>Header Files\LuaBindings-v2.6.6.0\Generated</Filter>
    </ClInclude>
  </ItemGroup>
  <ItemGroup>
    <None Include="COPY_TO_GAME.ps1">
      <Filter>Build Tasks</Filter>
    </None>
    <None Include="LuaBindings-v2.6.6.0.def">
      <Filter>Module Definition</Filter>
    </None>
  </ItemGroup>
</Project>