<?xml version="1.0" encoding="utf-8"?>
<Project ToolsVersion="4.0" xmlns="http://schemas.microsoft.com/developer/msbuild/2003">
  <ItemGroup>
    <Filter Include="Source Files">
      <UniqueIdentifier>{4FC737F1-C7A5-4376-A066-2A32D752A2FF}</UniqueIdentifier>
      <Extensions>cpp;c;cc;cxx;c++;cppm;ixx;def;odl;idl;hpj;bat;asm;asmx</Extensions>
    </Filter>
    <Filter Include="Header Files">
      <UniqueIdentifier>{93995380-89BD-4b04-88EB-625FBE52EBFB}</UniqueIdentifier>
      <Extensions>h;hh;hpp;hxx;h++;hm;inl;inc;ipp;xsd</Extensions>
    </Filter>
    <Filter Include="Resource Files">
      <UniqueIdentifier>{67DA6AB6-F800-4c08-8B7A-83BB121AAD01}</UniqueIdentifier>
      <Extensions>rc;ico;cur;bmp;dlg;rc2;rct;bin;rgs;gif;jpg;jpeg;jpe;resx;tiff;tif;png;wav;mfcribbon-ms</Extensions>
    </Filter>
    <Filter Include="Header Files\LuaBindings">
      <UniqueIdentifier>{e8bbdb94-35c7-4c22-8ce1-e19b0dc2a42f}</UniqueIdentifier>
    </Filter>
    <Filter Include="Build Tasks">
      <UniqueIdentifier>{fb352c1f-1edc-4298-a4ca-4318a65b789e}</UniqueIdentifier>
    </Filter>
  </ItemGroup>
  <ItemGroup>
    <ClCompile Include="LuaBindings-v2.6.6.0.cpp">
      <Filter>Source Files</Filter>
    </ClCompile>
    <ClCompile Include="EEexLua_generated.cpp">
      <Filter>Source Files</Filter>
    </ClCompile>
    <ClCompile Include="lua_pointers.cpp">
      <Filter>Source Files</Filter>
    </ClCompile>
    <ClCompile Include="to_lua_pointers.cpp">
      <Filter>Source Files</Filter>
    </ClCompile>
    <ClCompile Include="Baldur-v2.6.6.0_generated_internal_pointers.cpp">
      <Filter>Source Files</Filter>
    </ClCompile>
  </ItemGroup>
  <ItemGroup>
    <ClInclude Include="include\LuaBindings\EEexLua_generated.h">
      <Filter>Header Files\LuaBindings</Filter>
    </ClInclude>
    <ClInclude Include="include\LuaBindings\to_lua_pointers.h">
      <Filter>Header Files\LuaBindings</Filter>
    </ClInclude>
    <ClInclude Include="include\LuaBindings\lua_pointers.h">
      <Filter>Header Files\LuaBindings</Filter>
    </ClInclude>
    <ClInclude Include="include\LuaBindings\Baldur-v2.6.6.0_generated.h">
      <Filter>Header Files\LuaBindings</Filter>
    </ClInclude>
  </ItemGroup>
  <ItemGroup>
    <None Include="LuaBindings-v2.6.6.0.def">
      <Filter>Source Files</Filter>
    </None>
    <None Include="COPY_TO_GAME.ps1">
      <Filter>Build Tasks</Filter>
    </None>
  </ItemGroup>
</Project>