<?xml version="1.0" encoding="utf-8"?>
<Project ToolsVersion="4.0" xmlns="http://schemas.microsoft.com/developer/msbuild/2003">
  <ItemGroup>
    <Filter Include="Source Files">
      <UniqueIdentifier>{4FC737F1-C7A5-4376-A066-2A32D752A2FF}</UniqueIdentifier>
      <Extensions>cpp;c;cc;cxx;c++;cppm;ixx;def;odl;idl;hpj;bat;asm;asmx</Extensions>
    </Filter>
    <Filter Include="Header Files">
      <UniqueIdentifier>{93995380-89BD-4b04-88EB-625FBE52EBFB}</UniqueIdentifier>
      <Extensions>h;hh;hpp;hxx;h++;hm;inl;inc;ipp;xsd</Extensions>
    </Filter>
    <Filter Include="Resource Files">
      <UniqueIdentifier>{67DA6AB6-F800-4c08-8B7A-83BB121AAD01}</UniqueIdentifier>
      <Extensions>rc;ico;cur;bmp;dlg;rc2;rct;bin;rgs;gif;jpg;jpeg;jpe;resx;tiff;tif;png;wav;mfcribbon-ms</Extensions>
    </Filter>
    <Filter Include="Module Definition">
      <UniqueIdentifier>{ebbfcbd4-db88-4415-8133-a65922897a7d}</UniqueIdentifier>
    </Filter>
    <Filter Include="Build Tasks">
      <UniqueIdentifier>{7401bc95-18bd-4d13-b4a5-17df07b7b7f4}</UniqueIdentifier>
    </Filter>
    <Filter Include="Source Files\EEex-Core-Shared-Files">
      <UniqueIdentifier>{57f6dc85-a791-46a4-a2c6-aaf5afb463d3}</UniqueIdentifier>
    </Filter>
    <Filter Include="Header Files\EEex-Core-Shared-Files">
      <UniqueIdentifier>{eb9012fa-3484-4d3d-8756-a745fa00d72d}</UniqueIdentifier>
    </Filter>
    <Filter Include="Header Files\EEex-Core-Shared-Files\Common">
      <UniqueIdentifier>{3beb6432-895c-4922-9e91-7bce7d3b4b3b}</UniqueIdentifier>
    </Filter>
    <Filter Include="Header Files\EEex-Core-Shared-Files\External">
      <UniqueIdentifier>{a496b6c0-1a9f-4ccb-aeb1-f633d0471ae6}</UniqueIdentifier>
    </Filter>
    <Filter Include="Header Files\EEex-Core-Shared-Files\External\gl">
      <UniqueIdentifier>{415be6ed-a484-462e-af7b-6860322cea79}</UniqueIdentifier>
    </Filter>
    <Filter Include="Header Files\EEex-v2.6.6.0">
      <UniqueIdentifier>{5d813d26-a487-4a8d-96fb-fd6929a17406}</UniqueIdentifier>
    </Filter>
    <Filter Include="Header Files\EEex-v2.6.6.0\Generated">
      <UniqueIdentifier>{2b175408-a190-4c92-847a-74c62509e011}</UniqueIdentifier>
    </Filter>
    <Filter Include="Source Files\EEex-v2.6.6.0">
      <UniqueIdentifier>{964e1b48-86e4-4b98-932d-339fff05857a}</UniqueIdentifier>
    </Filter>
    <Filter Include="Source Files\EEex-v2.6.6.0\Generated">
      <UniqueIdentifier>{8612f39b-e4c9-4413-a1e9-bac4680e79b3}</UniqueIdentifier>
    </Filter>
    <Filter Include="Header Files\EEex-Core-Shared-Files\EEex">
      <UniqueIdentifier>{d166ffcd-657e-4ad9-b18f-b738bc2019a0}</UniqueIdentifier>
    </Filter>
    <Filter Include="Header Files\Lib">
      <UniqueIdentifier>{81af286a-416e-427f-be1d-feb966fd3a57}</UniqueIdentifier>
    </Filter>
    <Filter Include="Source Files\Lib">
      <UniqueIdentifier>{72fc4d19-33eb-468d-9d15-516f0d432971}</UniqueIdentifier>
    </Filter>
    <Filter Include="Source Files\Lib\ImGui">
      <UniqueIdentifier>{1cb5d2b2-a53e-4efe-a238-f7f2b2aaa4b0}</UniqueIdentifier>
    </Filter>
    <Filter Include="Header Files\Lib\ImGui">
      <UniqueIdentifier>{3fabd0cb-47d8-4e6e-a67a-4bfd7329857b}</UniqueIdentifier>
    </Filter>
  </ItemGroup>
  <ItemGroup>
    <ClCompile Include="source\EEex-v2.6.6.0\generated\EEexLua_generated_baseclass_offsets.cpp">
      <Filter>Source Files\EEex-v2.6.6.0\Generated</Filter>
    </ClCompile>
    <ClCompile Include="source\EEex-v2.6.6.0\generated\Baldur_generated_internal_pointers.cpp">
      <Filter>Source Files\EEex-v2.6.6.0\Generated</Filter>
    </ClCompile>
    <ClCompile Include="source\EEex-v2.6.6.0\generated\EEexLua_generated.cpp">
      <Filter>Source Files\EEex-v2.6.6.0\Generated</Filter>
    </ClCompile>
    <ClCompile Include="..\lib_source\ImGui\implot_demo.cpp">
      <Filter>Source Files\Lib\ImGui</Filter>
    </ClCompile>
    <ClCompile Include="..\lib_source\ImGui\implot_items.cpp">
      <Filter>Source Files\Lib\ImGui</Filter>
    </ClCompile>
    <ClCompile Include="..\lib_source\ImGui\imgui.cpp">
      <Filter>Source Files\Lib\ImGui</Filter>
    </ClCompile>
    <ClCompile Include="..\lib_source\ImGui\imgui_demo.cpp">
      <Filter>Source Files\Lib\ImGui</Filter>
    </ClCompile>
    <ClCompile Include="..\lib_source\ImGui\imgui_draw.cpp">
      <Filter>Source Files\Lib\ImGui</Filter>
    </ClCompile>
    <ClCompile Include="..\lib_source\ImGui\imgui_impl_dx9.cpp">
      <Filter>Source Files\Lib\ImGui</Filter>
    </ClCompile>
    <ClCompile Include="..\lib_source\ImGui\imgui_impl_win32.cpp">
      <Filter>Source Files\Lib\ImGui</Filter>
    </ClCompile>
    <ClCompile Include="..\lib_source\ImGui\imgui_tables.cpp">
      <Filter>Source Files\Lib\ImGui</Filter>
    </ClCompile>
    <ClCompile Include="..\lib_source\ImGui\imgui_widgets.cpp">
      <Filter>Source Files\Lib\ImGui</Filter>
    </ClCompile>
    <ClCompile Include="..\lib_source\ImGui\implot.cpp">
      <Filter>Source Files\Lib\ImGui</Filter>
    </ClCompile>
    <ClCompile Include="..\EEex-Core-Shared-Files\source\main.cpp">
      <Filter>Source Files\EEex-Core-Shared-Files</Filter>
    </ClCompile>
    <ClCompile Include="..\EEex-Core-Shared-Files\source\menu_util.cpp">
      <Filter>Source Files\EEex-Core-Shared-Files</Filter>
    </ClCompile>
    <ClCompile Include="..\EEex-Core-Shared-Files\source\profiler.cpp">
      <Filter>Source Files\EEex-Core-Shared-Files</Filter>
    </ClCompile>
    <ClCompile Include="..\EEex-Core-Shared-Files\source\time_util.cpp">
      <Filter>Source Files\EEex-Core-Shared-Files</Filter>
    </ClCompile>
    <ClCompile Include="..\EEex-Core-Shared-Files\source\uncap_fps.cpp">
      <Filter>Source Files\EEex-Core-Shared-Files</Filter>
    </ClCompile>
    <ClCompile Include="..\EEex-Core-Shared-Files\source\util.cpp">
      <Filter>Source Files\EEex-Core-Shared-Files</Filter>
    </ClCompile>
    <ClCompile Include="..\EEex-Core-Shared-Files\source\visibility_map.cpp">
      <Filter>Source Files\EEex-Core-Shared-Files</Filter>
    </ClCompile>
    <ClCompile Include="..\EEex-Core-Shared-Files\source\common.cpp">
      <Filter>Source Files\EEex-Core-Shared-Files</Filter>
    </ClCompile>
    <ClCompile Include="..\EEex-Core-Shared-Files\source\coordinate_util.cpp">
      <Filter>Source Files\EEex-Core-Shared-Files</Filter>
    </ClCompile>
    <ClCompile Include="..\EEex-Core-Shared-Files\source\debug.cpp">
      <Filter>Source Files\EEex-Core-Shared-Files</Filter>
    </ClCompile>
    <ClCompile Include="..\EEex-Core-Shared-Files\source\debug_window.cpp">
      <Filter>Source Files\EEex-Core-Shared-Files</Filter>
    </ClCompile>
    <ClCompile Include="..\EEex-Core-Shared-Files\source\EEex.cpp">
      <Filter>Source Files\EEex-Core-Shared-Files</Filter>
    </ClCompile>
    <ClCompile Include="..\EEex-Core-Shared-Files\source\engine_function_names.cpp">
      <Filter>Source Files\EEex-Core-Shared-Files</Filter>
    </ClCompile>
    <ClCompile Include="..\EEex-Core-Shared-Files\source\engine_reimplementations.cpp">
      <Filter>Source Files\EEex-Core-Shared-Files</Filter>
    </ClCompile>
    <ClCompile Include="..\EEex-Core-Shared-Files\source\font_util.cpp">
      <Filter>Source Files\EEex-Core-Shared-Files</Filter>
    </ClCompile>
    <ClCompile Include="..\EEex-Core-Shared-Files\source\im_rolling_line_graph.cpp">
      <Filter>Source Files\EEex-Core-Shared-Files</Filter>
    </ClCompile>
    <ClCompile Include="..\EEex-Core-Shared-Files\source\im_tracer.cpp">
      <Filter>Source Files\EEex-Core-Shared-Files</Filter>
    </ClCompile>
    <ClCompile Include="..\EEex-Core-Shared-Files\source\lua_util.cpp">
      <Filter>Source Files\EEex-Core-Shared-Files</Filter>
    </ClCompile>
  </ItemGroup>
  <ItemGroup>
    <ClInclude Include="..\EEex-Core-Shared-Files\headers\common\eeex_api.h">
      <Filter>Header Files\EEex-Core-Shared-Files\Common</Filter>
    </ClInclude>
    <ClInclude Include="..\EEex-Core-Shared-Files\headers\EEex_external\gl\glxew.h">
      <Filter>Header Files\EEex-Core-Shared-Files\External\gl</Filter>
    </ClInclude>
    <ClInclude Include="..\EEex-Core-Shared-Files\headers\EEex_external\gl\wglew.h">
      <Filter>Header Files\EEex-Core-Shared-Files\External\gl</Filter>
    </ClInclude>
    <ClInclude Include="..\EEex-Core-Shared-Files\headers\EEex_external\gl\eglew.h">
      <Filter>Header Files\EEex-Core-Shared-Files\External\gl</Filter>
    </ClInclude>
    <ClInclude Include="..\EEex-Core-Shared-Files\headers\EEex_external\gl\glew.h">
      <Filter>Header Files\EEex-Core-Shared-Files\External\gl</Filter>
    </ClInclude>
    <ClInclude Include="headers\EEex-v2.6.6.0_generated\Baldur_lua_generated.h">
      <Filter>Header Files\EEex-v2.6.6.0\Generated</Filter>
    </ClInclude>
    <ClInclude Include="headers\EEex-v2.6.6.0_generated\Baldur_generated.h">
      <Filter>Header Files\EEex-v2.6.6.0\Generated</Filter>
    </ClInclude>
    <ClInclude Include="..\lib_headers\imgui\implot_internal.h">
      <Filter>Header Files\Lib\ImGui</Filter>
    </ClInclude>
    <ClInclude Include="..\lib_headers\imgui\imstb_rectpack.h">
      <Filter>Header Files\Lib\ImGui</Filter>
    </ClInclude>
    <ClInclude Include="..\lib_headers\imgui\imstb_textedit.h">
      <Filter>Header Files\Lib\ImGui</Filter>
    </ClInclude>
    <ClInclude Include="..\lib_headers\imgui\imstb_truetype.h">
      <Filter>Header Files\Lib\ImGui</Filter>
    </ClInclude>
    <ClInclude Include="..\lib_headers\imgui\imconfig.h">
      <Filter>Header Files\Lib\ImGui</Filter>
    </ClInclude>
    <ClInclude Include="..\lib_headers\imgui\imgui.h">
      <Filter>Header Files\Lib\ImGui</Filter>
    </ClInclude>
    <ClInclude Include="..\lib_headers\imgui\imgui_impl_dx9.h">
      <Filter>Header Files\Lib\ImGui</Filter>
    </ClInclude>
    <ClInclude Include="..\lib_headers\imgui\imgui_impl_win32.h">
      <Filter>Header Files\Lib\ImGui</Filter>
    </ClInclude>
    <ClInclude Include="..\lib_headers\imgui\imgui_internal.h">
      <Filter>Header Files\Lib\ImGui</Filter>
    </ClInclude>
    <ClInclude Include="..\lib_headers\imgui\implot.h">
      <Filter>Header Files\Lib\ImGui</Filter>
    </ClInclude>
    <ClInclude Include="..\EEex-Core-Shared-Files\headers\EEex\im_rolling_line_graph.hpp">
      <Filter>Header Files\EEex-Core-Shared-Files\EEex</Filter>
    </ClInclude>
    <ClInclude Include="..\EEex-Core-Shared-Files\headers\EEex\im_tracer.hpp">
      <Filter>Header Files\EEex-Core-Shared-Files\EEex</Filter>
    </ClInclude>
    <ClInclude Include="..\EEex-Core-Shared-Files\headers\EEex\lua_util.hpp">
      <Filter>Header Files\EEex-Core-Shared-Files\EEex</Filter>
    </ClInclude>
    <ClInclude Include="..\EEex-Core-Shared-Files\headers\EEex\menu_util.hpp">
      <Filter>Header Files\EEex-Core-Shared-Files\EEex</Filter>
    </ClInclude>
    <ClInclude Include="..\EEex-Core-Shared-Files\headers\EEex\profiler.hpp">
      <Filter>Header Files\EEex-Core-Shared-Files\EEex</Filter>
    </ClInclude>
    <ClInclude Include="..\EEex-Core-Shared-Files\headers\EEex\time_util.hpp">
      <Filter>Header Files\EEex-Core-Shared-Files\EEex</Filter>
    </ClInclude>
    <ClInclude Include="..\EEex-Core-Shared-Files\headers\EEex\uncap_fps.hpp">
      <Filter>Header Files\EEex-Core-Shared-Files\EEex</Filter>
    </ClInclude>
    <ClInclude Include="..\EEex-Core-Shared-Files\headers\EEex\util.hpp">
      <Filter>Header Files\EEex-Core-Shared-Files\EEex</Filter>
    </ClInclude>
    <ClInclude Include="..\EEex-Core-Shared-Files\headers\EEex\coordinate_util.hpp">
      <Filter>Header Files\EEex-Core-Shared-Files\EEex</Filter>
    </ClInclude>
    <ClInclude Include="..\EEex-Core-Shared-Files\headers\EEex\debug_window.hpp">
      <Filter>Header Files\EEex-Core-Shared-Files\EEex</Filter>
    </ClInclude>
    <ClInclude Include="..\EEex-Core-Shared-Files\headers\EEex\EEex.h">
      <Filter>Header Files\EEex-Core-Shared-Files\EEex</Filter>
    </ClInclude>
    <ClInclude Include="..\EEex-Core-Shared-Files\headers\EEex\EEexLua_generated.h">
      <Filter>Header Files\EEex-Core-Shared-Files\EEex</Filter>
    </ClInclude>
    <ClInclude Include="..\EEex-Core-Shared-Files\headers\EEex\engine_function_names.hpp">
      <Filter>Header Files\EEex-Core-Shared-Files\EEex</Filter>
    </ClInclude>
    <ClInclude Include="..\EEex-Core-Shared-Files\headers\EEex\font_util.hpp">
      <Filter>Header Files\EEex-Core-Shared-Files\EEex</Filter>
    </ClInclude>
  </ItemGroup>
  <ItemGroup>
    <None Include="EEex-v2.6.6.0.def">
      <Filter>Module Definition</Filter>
    </None>
    <None Include="COPY_TO_GAME.ps1">
      <Filter>Build Tasks</Filter>
    </None>
  </ItemGroup>
  <ItemGroup>
    <MASM Include="..\EEex-Core-Shared-Files\source\profiler_assembly.asm">
      <Filter>Source Files\EEex-Core-Shared-Files</Filter>
    </MASM>
  </ItemGroup>
</Project>